
Microsoft Visual Studio Solution File, Format Version 12.00
# Visual Studio Version 17
VisualStudioVersion = 17.11.35219.272
MinimumVisualStudioVersion = 10.0.40219.1
Project("{FAE04EC0-301F-11D3-BF4B-00C04F79EFBC}") = "QuilvianSystemBackendDev", "QuilvianSystemBackendDev.csproj", "{A38FED6A-A960-460B-B823-6FB80AEBA612}"
EndProject
Project("{FAE04EC0-301F-11D3-BF4B-00C04F79EFBC}") = "QuilvianSystemBackendSta.Migrations", "..\QuilvianSystemBackendSta.Migrations\QuilvianSystemBackendSta.Migrations.csproj", "{CCBC9486-EBBE-4F13-948F-4F2A4C52A49F}"
EndProject
Global
	GlobalSection(SolutionConfigurationPlatforms) = preSolution
		Debug|Any CPU = Debug|Any CPU
		Release|Any CPU = Release|Any CPU
	EndGlobalSection
	GlobalSection(ProjectConfigurationPlatforms) = postSolution
		{A38FED6A-A960-460B-B823-6FB80AEBA612}.Debug|Any CPU.ActiveCfg = Debug|Any CPU
		{A38FED6A-A960-460B-B823-6FB80AEBA612}.Debug|Any CPU.Build.0 = Debug|Any CPU
		{A38FED6A-A960-460B-B823-6FB80AEBA612}.Release|Any CPU.ActiveCfg = Release|Any CPU
		{A38FED6A-A960-460B-B823-6FB80AEBA612}.Release|Any CPU.Build.0 = Release|Any CPU
		{CCBC9486-EBBE-4F13-948F-4F2A4C52A49F}.Debug|Any CPU.ActiveCfg = Debug|Any CPU
		{CCBC9486-EBBE-4F13-948F-4F2A4C52A49F}.Debug|Any CPU.Build.0 = Debug|Any CPU
		{CCBC9486-EBBE-4F13-948F-4F2A4C52A49F}.Release|Any CPU.ActiveCfg = Release|Any CPU
		{CCBC9486-EBBE-4F13-948F-4F2A4C52A49F}.Release|Any CPU.Build.0 = Release|Any CPU
	EndGlobalSection
	GlobalSection(SolutionProperties) = preSolution
		HideSolutionNode = FALSE
	EndGlobalSection
	GlobalSection(ExtensibilityGlobals) = postSolution
		SolutionGuid = {3C943738-F019-4A51-A373-BCD42FDA4479}
	EndGlobalSection
EndGlobal
